// !$*UTF8*$!
{
	archiveVersion = 1;
	classes = {
	};
	objectVersion = 56;
	objects = {

/* Begin PBXBuildFile section */
		000000000000000000000203 /* Models.swift in Sources */ = {isa = PBXBuildFile; fileRef = 000000000000000000000103 /* Models.swift */; };
		000000000000000000000251 /* AppFailure.swift in Sources */ = {isa = PBXBuildFile; fileRef = 000000000000000000000150 /* AppFailure.swift */; };
		000000000000000000000252 /* ShareBinding.swift in Sources */ = {isa = PBXBuildFile; fileRef = 000000000000000000000151 /* ShareBinding.swift */; };
		000000000000000000000204 /* KeychainStore.swift in Sources */ = {isa = PBXBuildFile; fileRef = 000000000000000000000104 /* KeychainStore.swift */; };
		000000000000000000000205 /* SealServerClient.swift in Sources */ = {isa = PBXBuildFile; fileRef = 000000000000000000000105 /* SealServerClient.swift */; };
		000000000000000000000253 /* DNSSECResolver.swift in Sources */ = {isa = PBXBuildFile; fileRef = 000000000000000000000152 /* DNSSECResolver.swift */; };
		000000000000000000000254 /* InstanceSetupFeature.swift in Sources */ = {isa = PBXBuildFile; fileRef = 000000000000000000000153 /* InstanceSetupFeature.swift */; };
		000000000000000000000255 /* InstanceSetupView.swift in Sources */ = {isa = PBXBuildFile; fileRef = 000000000000000000000154 /* InstanceSetupView.swift */; };
		000000000000000000000256 /* ShareSetupFeature.swift in Sources */ = {isa = PBXBuildFile; fileRef = 000000000000000000000155 /* ShareSetupFeature.swift */; };
		000000000000000000000257 /* ShareSetupView.swift in Sources */ = {isa = PBXBuildFile; fileRef = 000000000000000000000156 /* ShareSetupView.swift */; };
		000000000000000000000206 /* PrivacyInfo.xcprivacy in Resources */ = {isa = PBXBuildFile; fileRef = 000000000000000000000107 /* PrivacyInfo.xcprivacy */; };
		000000000000000000000210 /* SealbreakApp.swift in Sources */ = {isa = PBXBuildFile; fileRef = 000000000000000000000110 /* SealbreakApp.swift */; };
		000000000000000000000211 /* AppRootView.swift in Sources */ = {isa = PBXBuildFile; fileRef = 000000000000000000000111 /* AppRootView.swift */; };
		000000000000000000000212 /* PrivacyGate.swift in Sources */ = {isa = PBXBuildFile; fileRef = 000000000000000000000112 /* PrivacyGate.swift */; };
		000000000000000000000213 /* SensitiveDraftGuard.swift in Sources */ = {isa = PBXBuildFile; fileRef = 000000000000000000000113 /* SensitiveDraftGuard.swift */; };
		000000000000000000000214 /* AppFeature.swift in Sources */ = {isa = PBXBuildFile; fileRef = 000000000000000000000114 /* AppFeature.swift */; };
		000000000000000000000215 /* PrivacyFeature.swift in Sources */ = {isa = PBXBuildFile; fileRef = 000000000000000000000115 /* PrivacyFeature.swift */; };
		000000000000000000000220 /* HomeFeature.swift in Sources */ = {isa = PBXBuildFile; fileRef = 000000000000000000000120 /* HomeFeature.swift */; };
		000000000000000000000221 /* HomeView.swift in Sources */ = {isa = PBXBuildFile; fileRef = 000000000000000000000121 /* HomeView.swift */; };
		000000000000000000000222 /* HomeViewState.swift in Sources */ = {isa = PBXBuildFile; fileRef = 000000000000000000000122 /* HomeViewState.swift */; };
		000000000000000000000224 /* HomeHeader.swift in Sources */ = {isa = PBXBuildFile; fileRef = 000000000000000000000124 /* HomeHeader.swift */; };
		000000000000000000000225 /* HomeMenu.swift in Sources */ = {isa = PBXBuildFile; fileRef = 000000000000000000000125 /* HomeMenu.swift */; };
		000000000000000000000226 /* ServerStatusCard.swift in Sources */ = {isa = PBXBuildFile; fileRef = 000000000000000000000126 /* ServerStatusCard.swift */; };
		000000000000000000000227 /* SealStatusIndicator.swift in Sources */ = {isa = PBXBuildFile; fileRef = 000000000000000000000127 /* SealStatusIndicator.swift */; };
		000000000000000000000228 /* UnsealButton.swift in Sources */ = {isa = PBXBuildFile; fileRef = 000000000000000000000128 /* UnsealButton.swift */; };
		000000000000000000000230 /* SetupView.swift in Sources */ = {isa = PBXBuildFile; fileRef = 000000000000000000000130 /* SetupView.swift */; };
		000000000000000000000231 /* ServerDetailsView.swift in Sources */ = {isa = PBXBuildFile; fileRef = 000000000000000000000131 /* ServerDetailsView.swift */; };
		000000000000000000000232 /* ReplaceShareView.swift in Sources */ = {isa = PBXBuildFile; fileRef = 000000000000000000000132 /* ReplaceShareView.swift */; };
		000000000000000000000233 /* ShareEditor.swift in Sources */ = {isa = PBXBuildFile; fileRef = 000000000000000000000133 /* ShareEditor.swift */; };
		000000000000000000000234 /* SetupFeature.swift in Sources */ = {isa = PBXBuildFile; fileRef = 000000000000000000000134 /* SetupFeature.swift */; };
		000000000000000000000235 /* ServerDetailsFeature.swift in Sources */ = {isa = PBXBuildFile; fileRef = 000000000000000000000135 /* ServerDetailsFeature.swift */; };
		000000000000000000000236 /* ReplaceShareFeature.swift in Sources */ = {isa = PBXBuildFile; fileRef = 000000000000000000000136 /* ReplaceShareFeature.swift */; };
		000000000000000000000240 /* PapercutPalette.swift in Sources */ = {isa = PBXBuildFile; fileRef = 000000000000000000000140 /* PapercutPalette.swift */; };
		000000000000000000000241 /* PapercutCard.swift in Sources */ = {isa = PBXBuildFile; fileRef = 000000000000000000000141 /* PapercutCard.swift */; };
		000000000000000000000242 /* PapercutBackground.swift in Sources */ = {isa = PBXBuildFile; fileRef = 000000000000000000000142 /* PapercutBackground.swift */; };
		000000000000000000000243 /* PapercutLandscape.swift in Sources */ = {isa = PBXBuildFile; fileRef = 000000000000000000000143 /* PapercutLandscape.swift */; };
		000000000000000000000244 /* PapercutShapes.swift in Sources */ = {isa = PBXBuildFile; fileRef = 000000000000000000000144 /* PapercutShapes.swift */; };
		000000000000000000000245 /* SealbreakClient.swift in Sources */ = {isa = PBXBuildFile; fileRef = 000000000000000000000145 /* SealbreakClient.swift */; };
		000000000000000000000246 /* WelcomeFeature.swift in Sources */ = {isa = PBXBuildFile; fileRef = 000000000000000000000146 /* WelcomeFeature.swift */; };
		000000000000000000000247 /* WelcomeView.swift in Sources */ = {isa = PBXBuildFile; fileRef = 000000000000000000000147 /* WelcomeView.swift */; };
		000000000000000000000248 /* Brand.xcassets in Resources */ = {isa = PBXBuildFile; fileRef = 000000000000000000000148 /* Brand.xcassets */; };
		000000000000000000000259 /* Localizable.xcstrings in Resources */ = {isa = PBXBuildFile; fileRef = 000000000000000000000158 /* Localizable.xcstrings */; };
		000000000000000000000260 /* InfoPlist.xcstrings in Resources */ = {isa = PBXBuildFile; fileRef = 000000000000000000000159 /* InfoPlist.xcstrings */; };
		000000000000000000000249 /* LiveSealbreakClient.swift in Sources */ = {isa = PBXBuildFile; fileRef = 000000000000000000000149 /* LiveSealbreakClient.swift */; };
		000000000000000000000258 /* LiveDNSSECResolver.swift in Sources */ = {isa = PBXBuildFile; fileRef = 000000000000000000000157 /* LiveDNSSECResolver.swift */; };
		000000000000000000000250 /* ComposableArchitecture in Frameworks */ = {isa = PBXBuildFile; productRef = 000000000000000000000401 /* ComposableArchitecture */; };
		000000000000000000000513 /* SealServerIntegrationTests.swift in Sources */ = {isa = PBXBuildFile; fileRef = 000000000000000000000503 /* SealServerIntegrationTests.swift */; };
		000000000000000000000515 /* AppFailure.swift in Integration Sources */ = {isa = PBXBuildFile; fileRef = 000000000000000000000150 /* AppFailure.swift */; };
		000000000000000000000516 /* Models.swift in Integration Sources */ = {isa = PBXBuildFile; fileRef = 000000000000000000000103 /* Models.swift */; };
		000000000000000000000517 /* SealServerClient.swift in Integration Sources */ = {isa = PBXBuildFile; fileRef = 000000000000000000000105 /* SealServerClient.swift */; };
/* End PBXBuildFile section */

/* Begin PBXFileReference section */
		000000000000000000000006 /* Sealbreak.app */ = {isa = PBXFileReference; explicitFileType = wrapper.application; includeInIndex = 0; path = Sealbreak.app; sourceTree = BUILT_PRODUCTS_DIR; };
		000000000000000000000103 /* Models.swift */ = {isa = PBXFileReference; lastKnownFileType = sourcecode.swift; path = Models.swift; sourceTree = "<group>"; };
		000000000000000000000150 /* AppFailure.swift */ = {isa = PBXFileReference; lastKnownFileType = sourcecode.swift; path = AppFailure.swift; sourceTree = "<group>"; };
		000000000000000000000151 /* ShareBinding.swift */ = {isa = PBXFileReference; lastKnownFileType = sourcecode.swift; path = ShareBinding.swift; sourceTree = "<group>"; };
		000000000000000000000104 /* KeychainStore.swift */ = {isa = PBXFileReference; lastKnownFileType = sourcecode.swift; path = KeychainStore.swift; sourceTree = "<group>"; };
		000000000000000000000105 /* SealServerClient.swift */ = {isa = PBXFileReference; lastKnownFileType = sourcecode.swift; path = SealServerClient.swift; sourceTree = "<group>"; };
		000000000000000000000152 /* DNSSECResolver.swift */ = {isa = PBXFileReference; lastKnownFileType = sourcecode.swift; path = DNSSECResolver.swift; sourceTree = "<group>"; };
		000000000000000000000153 /* InstanceSetupFeature.swift */ = {isa = PBXFileReference; lastKnownFileType = sourcecode.swift; path = InstanceSetupFeature.swift; sourceTree = "<group>"; };
		000000000000000000000154 /* InstanceSetupView.swift */ = {isa = PBXFileReference; lastKnownFileType = sourcecode.swift; path = InstanceSetupView.swift; sourceTree = "<group>"; };
		000000000000000000000155 /* ShareSetupFeature.swift */ = {isa = PBXFileReference; lastKnownFileType = sourcecode.swift; path = ShareSetupFeature.swift; sourceTree = "<group>"; };
		000000000000000000000156 /* ShareSetupView.swift */ = {isa = PBXFileReference; lastKnownFileType = sourcecode.swift; path = ShareSetupView.swift; sourceTree = "<group>"; };
		000000000000000000000106 /* Info.plist */ = {isa = PBXFileReference; lastKnownFileType = text.plist.xml; path = Info.plist; sourceTree = "<group>"; };
		000000000000000000000107 /* PrivacyInfo.xcprivacy */ = {isa = PBXFileReference; lastKnownFileType = text.xml; path = PrivacyInfo.xcprivacy; sourceTree = "<group>"; };
		000000000000000000000110 /* SealbreakApp.swift */ = {isa = PBXFileReference; lastKnownFileType = sourcecode.swift; path = SealbreakApp.swift; sourceTree = "<group>"; };
		000000000000000000000111 /* AppRootView.swift */ = {isa = PBXFileReference; lastKnownFileType = sourcecode.swift; path = AppRootView.swift; sourceTree = "<group>"; };
		000000000000000000000112 /* PrivacyGate.swift */ = {isa = PBXFileReference; lastKnownFileType = sourcecode.swift; path = PrivacyGate.swift; sourceTree = "<group>"; };
		000000000000000000000113 /* SensitiveDraftGuard.swift */ = {isa = PBXFileReference; lastKnownFileType = sourcecode.swift; path = SensitiveDraftGuard.swift; sourceTree = "<group>"; };
		000000000000000000000114 /* AppFeature.swift */ = {isa = PBXFileReference; lastKnownFileType = sourcecode.swift; path = AppFeature.swift; sourceTree = "<group>"; };
		000000000000000000000115 /* PrivacyFeature.swift */ = {isa = PBXFileReference; lastKnownFileType = sourcecode.swift; path = PrivacyFeature.swift; sourceTree = "<group>"; };
		000000000000000000000120 /* HomeFeature.swift */ = {isa = PBXFileReference; lastKnownFileType = sourcecode.swift; path = HomeFeature.swift; sourceTree = "<group>"; };
		000000000000000000000121 /* HomeView.swift */ = {isa = PBXFileReference; lastKnownFileType = sourcecode.swift; path = HomeView.swift; sourceTree = "<group>"; };
		000000000000000000000122 /* HomeViewState.swift */ = {isa = PBXFileReference; lastKnownFileType = sourcecode.swift; path = HomeViewState.swift; sourceTree = "<group>"; };
		000000000000000000000124 /* HomeHeader.swift */ = {isa = PBXFileReference; lastKnownFileType = sourcecode.swift; path = HomeHeader.swift; sourceTree = "<group>"; };
		000000000000000000000125 /* HomeMenu.swift */ = {isa = PBXFileReference; lastKnownFileType = sourcecode.swift; path = HomeMenu.swift; sourceTree = "<group>"; };
		000000000000000000000126 /* ServerStatusCard.swift */ = {isa = PBXFileReference; lastKnownFileType = sourcecode.swift; path = ServerStatusCard.swift; sourceTree = "<group>"; };
		000000000000000000000127 /* SealStatusIndicator.swift */ = {isa = PBXFileReference; lastKnownFileType = sourcecode.swift; path = SealStatusIndicator.swift; sourceTree = "<group>"; };
		000000000000000000000128 /* UnsealButton.swift */ = {isa = PBXFileReference; lastKnownFileType = sourcecode.swift; path = UnsealButton.swift; sourceTree = "<group>"; };
		000000000000000000000130 /* SetupView.swift */ = {isa = PBXFileReference; lastKnownFileType = sourcecode.swift; path = SetupView.swift; sourceTree = "<group>"; };
		000000000000000000000131 /* ServerDetailsView.swift */ = {isa = PBXFileReference; lastKnownFileType = sourcecode.swift; path = ServerDetailsView.swift; sourceTree = "<group>"; };
		000000000000000000000132 /* ReplaceShareView.swift */ = {isa = PBXFileReference; lastKnownFileType = sourcecode.swift; path = ReplaceShareView.swift; sourceTree = "<group>"; };
		000000000000000000000133 /* ShareEditor.swift */ = {isa = PBXFileReference; lastKnownFileType = sourcecode.swift; path = ShareEditor.swift; sourceTree = "<group>"; };
		000000000000000000000134 /* SetupFeature.swift */ = {isa = PBXFileReference; lastKnownFileType = sourcecode.swift; path = SetupFeature.swift; sourceTree = "<group>"; };
		000000000000000000000135 /* ServerDetailsFeature.swift */ = {isa = PBXFileReference; lastKnownFileType = sourcecode.swift; path = ServerDetailsFeature.swift; sourceTree = "<group>"; };
		000000000000000000000136 /* ReplaceShareFeature.swift */ = {isa = PBXFileReference; lastKnownFileType = sourcecode.swift; path = ReplaceShareFeature.swift; sourceTree = "<group>"; };
		000000000000000000000140 /* PapercutPalette.swift */ = {isa = PBXFileReference; lastKnownFileType = sourcecode.swift; path = PapercutPalette.swift; sourceTree = "<group>"; };
		000000000000000000000141 /* PapercutCard.swift */ = {isa = PBXFileReference; lastKnownFileType = sourcecode.swift; path = PapercutCard.swift; sourceTree = "<group>"; };
		000000000000000000000142 /* PapercutBackground.swift */ = {isa = PBXFileReference; lastKnownFileType = sourcecode.swift; path = PapercutBackground.swift; sourceTree = "<group>"; };
		000000000000000000000143 /* PapercutLandscape.swift */ = {isa = PBXFileReference; lastKnownFileType = sourcecode.swift; path = PapercutLandscape.swift; sourceTree = "<group>"; };
		000000000000000000000144 /* PapercutShapes.swift */ = {isa = PBXFileReference; lastKnownFileType = sourcecode.swift; path = PapercutShapes.swift; sourceTree = "<group>"; };
		000000000000000000000145 /* SealbreakClient.swift */ = {isa = PBXFileReference; lastKnownFileType = sourcecode.swift; path = SealbreakClient.swift; sourceTree = "<group>"; };
		000000000000000000000146 /* WelcomeFeature.swift */ = {isa = PBXFileReference; lastKnownFileType = sourcecode.swift; path = WelcomeFeature.swift; sourceTree = "<group>"; };
		000000000000000000000147 /* WelcomeView.swift */ = {isa = PBXFileReference; lastKnownFileType = sourcecode.swift; path = WelcomeView.swift; sourceTree = "<group>"; };
		000000000000000000000148 /* Brand.xcassets */ = {isa = PBXFileReference; lastKnownFileType = folder.assetcatalog; path = Resources/Brand.xcassets; sourceTree = "<group>"; };
		000000000000000000000158 /* Localizable.xcstrings */ = {isa = PBXFileReference; lastKnownFileType = text.json.xcstrings; path = Resources/Localizable.xcstrings; sourceTree = "<group>"; };
		000000000000000000000159 /* InfoPlist.xcstrings */ = {isa = PBXFileReference; lastKnownFileType = text.json.xcstrings; path = Resources/InfoPlist.xcstrings; sourceTree = "<group>"; };
		000000000000000000000149 /* LiveSealbreakClient.swift */ = {isa = PBXFileReference; lastKnownFileType = sourcecode.swift; path = LiveSealbreakClient.swift; sourceTree = "<group>"; };
		000000000000000000000157 /* LiveDNSSECResolver.swift */ = {isa = PBXFileReference; lastKnownFileType = sourcecode.swift; path = LiveDNSSECResolver.swift; sourceTree = "<group>"; };
		000000000000000000000501 /* SealbreakIntegrationTests.xctest */ = {isa = PBXFileReference; explicitFileType = wrapper.cfbundle; includeInIndex = 0; path = SealbreakIntegrationTests.xctest; sourceTree = BUILT_PRODUCTS_DIR; };
		000000000000000000000503 /* SealServerIntegrationTests.swift */ = {isa = PBXFileReference; lastKnownFileType = sourcecode.swift; path = SealServerIntegrationTests.swift; sourceTree = "<group>"; };
/* End PBXFileReference section */

/* Begin PBXFrameworksBuildPhase section */
		000000000000000000000009 /* Frameworks */ = {
			isa = PBXFrameworksBuildPhase;
			buildActionMask = 2147483647;
			files = (
				000000000000000000000250 /* ComposableArchitecture in Frameworks */,
			);
			runOnlyForDeploymentPostprocessing = 0;
		};
		000000000000000000000506 /* Frameworks */ = {
			isa = PBXFrameworksBuildPhase;
			buildActionMask = 2147483647;
			files = (
			);
			runOnlyForDeploymentPostprocessing = 0;
		};
/* End PBXFrameworksBuildPhase section */

/* Begin PBXGroup section */
		000000000000000000000003 = {
			isa = PBXGroup;
			children = (
				000000000000000000000004 /* Sealbreak */,
				000000000000000000000502 /* SealbreakIntegrationTests */,
				000000000000000000000005 /* Products */,
			);
			sourceTree = "<group>";
		};
		000000000000000000000004 /* Sealbreak */ = {
			isa = PBXGroup;
			children = (
				000000000000000000000300 /* App */,
				000000000000000000000301 /* Features */,
				000000000000000000000308 /* DesignSystem */,
				000000000000000000000310 /* Domain */,
				000000000000000000000314 /* Dependencies */,
				000000000000000000000311 /* Infrastructure */,
				000000000000000000000148 /* Brand.xcassets */,
				000000000000000000000158 /* Localizable.xcstrings */,
				000000000000000000000159 /* InfoPlist.xcstrings */,
				000000000000000000000106 /* Info.plist */,
				000000000000000000000107 /* PrivacyInfo.xcprivacy */,
			);
			path = Sealbreak;
			sourceTree = "<group>";
		};
		000000000000000000000005 /* Products */ = {
			isa = PBXGroup;
			children = (
				000000000000000000000006 /* Sealbreak.app */,
				000000000000000000000501 /* SealbreakIntegrationTests.xctest */,
			);
			name = Products;
			sourceTree = "<group>";
		};
		000000000000000000000300 /* App */ = {
			isa = PBXGroup;
			children = (
				000000000000000000000110 /* SealbreakApp.swift */,
				000000000000000000000111 /* AppRootView.swift */,
				000000000000000000000114 /* AppFeature.swift */,
				000000000000000000000112 /* PrivacyGate.swift */,
				000000000000000000000115 /* PrivacyFeature.swift */,
				000000000000000000000113 /* SensitiveDraftGuard.swift */,
			);
			path = App;
			sourceTree = "<group>";
		};
		000000000000000000000301 /* Features */ = {
			isa = PBXGroup;
			children = (
				000000000000000000000312 /* Welcome */,
				000000000000000000000302 /* Home */,
				000000000000000000000304 /* Setup */,
				000000000000000000000305 /* ServerDetails */,
				000000000000000000000306 /* ShareManagement */,
			);
			path = Features;
			sourceTree = "<group>";
		};
		000000000000000000000312 /* Welcome */ = {
			isa = PBXGroup;
			children = (
				000000000000000000000146 /* WelcomeFeature.swift */,
				000000000000000000000147 /* WelcomeView.swift */,
			);
			path = Welcome;
			sourceTree = "<group>";
		};
		000000000000000000000302 /* Home */ = {
			isa = PBXGroup;
			children = (
				000000000000000000000120 /* HomeFeature.swift */,
				000000000000000000000121 /* HomeView.swift */,
				000000000000000000000122 /* HomeViewState.swift */,
				000000000000000000000303 /* Components */,
			);
			path = Home;
			sourceTree = "<group>";
		};
		000000000000000000000303 /* Components */ = {
			isa = PBXGroup;
			children = (
				000000000000000000000124 /* HomeHeader.swift */,
				000000000000000000000125 /* HomeMenu.swift */,
				000000000000000000000126 /* ServerStatusCard.swift */,
				000000000000000000000127 /* SealStatusIndicator.swift */,
				000000000000000000000128 /* UnsealButton.swift */,
			);
			path = Components;
			sourceTree = "<group>";
		};
		000000000000000000000304 /* Setup */ = {
			isa = PBXGroup;
			children = (
				000000000000000000000134 /* SetupFeature.swift */,
				000000000000000000000130 /* SetupView.swift */,
				000000000000000000000315 /* Instance */,
				000000000000000000000316 /* Share */,
			);
			path = Setup;
			sourceTree = "<group>";
		};
		000000000000000000000315 /* Instance */ = {
			isa = PBXGroup;
			children = (
				000000000000000000000153 /* InstanceSetupFeature.swift */,
				000000000000000000000154 /* InstanceSetupView.swift */,
			);
			path = Instance;
			sourceTree = "<group>";
		};
		000000000000000000000316 /* Share */ = {
			isa = PBXGroup;
			children = (
				000000000000000000000155 /* ShareSetupFeature.swift */,
				000000000000000000000156 /* ShareSetupView.swift */,
			);
			path = Share;
			sourceTree = "<group>";
		};
		000000000000000000000305 /* ServerDetails */ = {
			isa = PBXGroup;
			children = (
				000000000000000000000135 /* ServerDetailsFeature.swift */,
				000000000000000000000131 /* ServerDetailsView.swift */,
			);
			path = ServerDetails;
			sourceTree = "<group>";
		};
		000000000000000000000306 /* ShareManagement */ = {
			isa = PBXGroup;
			children = (
				000000000000000000000136 /* ReplaceShareFeature.swift */,
				000000000000000000000132 /* ReplaceShareView.swift */,
				000000000000000000000307 /* Components */,
			);
			path = ShareManagement;
			sourceTree = "<group>";
		};
		000000000000000000000307 /* Components */ = {
			isa = PBXGroup;
			children = (
				000000000000000000000133 /* ShareEditor.swift */,
			);
			path = Components;
			sourceTree = "<group>";
		};
		000000000000000000000308 /* DesignSystem */ = {
			isa = PBXGroup;
			children = (
				000000000000000000000309 /* Papercut */,
			);
			path = DesignSystem;
			sourceTree = "<group>";
		};
		000000000000000000000309 /* Papercut */ = {
			isa = PBXGroup;
			children = (
				000000000000000000000140 /* PapercutPalette.swift */,
				000000000000000000000141 /* PapercutCard.swift */,
				000000000000000000000142 /* PapercutBackground.swift */,
				000000000000000000000143 /* PapercutLandscape.swift */,
				000000000000000000000144 /* PapercutShapes.swift */,
			);
			path = Papercut;
			sourceTree = "<group>";
		};
		000000000000000000000310 /* Domain */ = {
			isa = PBXGroup;
			children = (
				000000000000000000000150 /* AppFailure.swift */,
				000000000000000000000103 /* Models.swift */,
				000000000000000000000151 /* ShareBinding.swift */,
			);
			path = Domain;
			sourceTree = "<group>";
		};
		000000000000000000000314 /* Dependencies */ = {
			isa = PBXGroup;
			children = (
				000000000000000000000145 /* SealbreakClient.swift */,
			);
			path = Dependencies;
			sourceTree = "<group>";
		};
		000000000000000000000311 /* Infrastructure */ = {
			isa = PBXGroup;
			children = (
				000000000000000000000104 /* KeychainStore.swift */,
				000000000000000000000105 /* SealServerClient.swift */,
				000000000000000000000152 /* DNSSECResolver.swift */,
				000000000000000000000313 /* Live */,
			);
			path = Infrastructure;
			sourceTree = "<group>";
		};
		000000000000000000000313 /* Live */ = {
			isa = PBXGroup;
			children = (
				000000000000000000000149 /* LiveSealbreakClient.swift */,
				000000000000000000000157 /* LiveDNSSECResolver.swift */,
			);
			path = Live;
			sourceTree = "<group>";
		};
		000000000000000000000502 /* SealbreakIntegrationTests */ = {
			isa = PBXGroup;
			children = (
				000000000000000000000503 /* SealServerIntegrationTests.swift */,
			);
			path = Tests/SealbreakIntegrationTests;
			sourceTree = "<group>";
		};
/* End PBXGroup section */

/* Begin PBXNativeTarget section */
		000000000000000000000002 /* Sealbreak */ = {
			isa = PBXNativeTarget;
			buildConfigurationList = 000000000000000000000011 /* Build configuration list for PBXNativeTarget "Sealbreak" */;
			buildPhases = (
				000000000000000000000007 /* Sources */,
				000000000000000000000009 /* Frameworks */,
				000000000000000000000008 /* Resources */,
			);
			buildRules = (
			);
			dependencies = (
			);
			name = Sealbreak;
			packageProductDependencies = (
				000000000000000000000401 /* ComposableArchitecture */,
			);
			productName = Sealbreak;
			productReference = 000000000000000000000006 /* Sealbreak.app */;
			productType = "com.apple.product-type.application";
		};
		000000000000000000000500 /* SealbreakIntegrationTests */ = {
			isa = PBXNativeTarget;
			buildConfigurationList = 000000000000000000000510 /* Build configuration list for PBXNativeTarget "SealbreakIntegrationTests" */;
			buildPhases = (
				000000000000000000000505 /* Sources */,
				000000000000000000000506 /* Frameworks */,
				000000000000000000000507 /* Resources */,
			);
			buildRules = (
			);
			dependencies = (
			);
			name = SealbreakIntegrationTests;
			productName = SealbreakIntegrationTests;
			productReference = 000000000000000000000501 /* SealbreakIntegrationTests.xctest */;
			productType = "com.apple.product-type.bundle.unit-test";
		};
/* End PBXNativeTarget section */

/* Begin PBXProject section */
		000000000000000000000001 /* Project object */ = {
			isa = PBXProject;
			attributes = {
				BuildIndependentTargetsInParallel = YES;
				LastUpgradeCheck = 2660;
				TargetAttributes = {
					000000000000000000000002 = {
						CreatedOnToolsVersion = 16.0;
						ProvisioningStyle = Automatic;
					};
					000000000000000000000500 = {
						CreatedOnToolsVersion = 26.0;
					};
				};
			};
			buildConfigurationList = 000000000000000000000010 /* Build configuration list for PBXProject "Sealbreak" */;
			compatibilityVersion = "Xcode 14.0";
			developmentRegion = en;
			hasScannedForEncodings = 0;
			knownRegions = (
				en,
				Base,
			);
			mainGroup = 000000000000000000000003;
			packageReferences = (
				000000000000000000000400 /* XCRemoteSwiftPackageReference "swift-composable-architecture" */,
			);
			productRefGroup = 000000000000000000000005 /* Products */;
			projectDirPath = "";
			projectRoot = "";
			targets = (
				000000000000000000000002 /* Sealbreak */,
				000000000000000000000500 /* SealbreakIntegrationTests */,
			);
		};
/* End PBXProject section */

/* Begin PBXResourcesBuildPhase section */
		000000000000000000000008 /* Resources */ = {
			isa = PBXResourcesBuildPhase;
			buildActionMask = 2147483647;
			files = (
				000000000000000000000206 /* PrivacyInfo.xcprivacy in Resources */,
				000000000000000000000248 /* Brand.xcassets in Resources */,
				000000000000000000000259 /* Localizable.xcstrings in Resources */,
				000000000000000000000260 /* InfoPlist.xcstrings in Resources */,
			);
			runOnlyForDeploymentPostprocessing = 0;
		};
		000000000000000000000507 /* Resources */ = {
			isa = PBXResourcesBuildPhase;
			buildActionMask = 2147483647;
			files = (
			);
			runOnlyForDeploymentPostprocessing = 0;
		};
/* End PBXResourcesBuildPhase section */

/* Begin PBXSourcesBuildPhase section */
		000000000000000000000007 /* Sources */ = {
			isa = PBXSourcesBuildPhase;
			buildActionMask = 2147483647;
			files = (
				000000000000000000000251 /* AppFailure.swift in Sources */,
				000000000000000000000203 /* Models.swift in Sources */,
				000000000000000000000252 /* ShareBinding.swift in Sources */,
				000000000000000000000204 /* KeychainStore.swift in Sources */,
				000000000000000000000205 /* SealServerClient.swift in Sources */,
				000000000000000000000253 /* DNSSECResolver.swift in Sources */,
				000000000000000000000245 /* SealbreakClient.swift in Sources */,
				000000000000000000000249 /* LiveSealbreakClient.swift in Sources */,
				000000000000000000000258 /* LiveDNSSECResolver.swift in Sources */,
				000000000000000000000210 /* SealbreakApp.swift in Sources */,
				000000000000000000000211 /* AppRootView.swift in Sources */,
				000000000000000000000212 /* PrivacyGate.swift in Sources */,
				000000000000000000000213 /* SensitiveDraftGuard.swift in Sources */,
				000000000000000000000214 /* AppFeature.swift in Sources */,
				000000000000000000000215 /* PrivacyFeature.swift in Sources */,
				000000000000000000000246 /* WelcomeFeature.swift in Sources */,
				000000000000000000000247 /* WelcomeView.swift in Sources */,
				000000000000000000000220 /* HomeFeature.swift in Sources */,
				000000000000000000000221 /* HomeView.swift in Sources */,
				000000000000000000000222 /* HomeViewState.swift in Sources */,
				000000000000000000000224 /* HomeHeader.swift in Sources */,
				000000000000000000000225 /* HomeMenu.swift in Sources */,
				000000000000000000000226 /* ServerStatusCard.swift in Sources */,
				000000000000000000000227 /* SealStatusIndicator.swift in Sources */,
				000000000000000000000228 /* UnsealButton.swift in Sources */,
				000000000000000000000234 /* SetupFeature.swift in Sources */,
				000000000000000000000230 /* SetupView.swift in Sources */,
				000000000000000000000254 /* InstanceSetupFeature.swift in Sources */,
				000000000000000000000255 /* InstanceSetupView.swift in Sources */,
				000000000000000000000256 /* ShareSetupFeature.swift in Sources */,
				000000000000000000000257 /* ShareSetupView.swift in Sources */,
				000000000000000000000235 /* ServerDetailsFeature.swift in Sources */,
				000000000000000000000231 /* ServerDetailsView.swift in Sources */,
				000000000000000000000236 /* ReplaceShareFeature.swift in Sources */,
				000000000000000000000232 /* ReplaceShareView.swift in Sources */,
				000000000000000000000233 /* ShareEditor.swift in Sources */,
				000000000000000000000240 /* PapercutPalette.swift in Sources */,
				000000000000000000000241 /* PapercutCard.swift in Sources */,
				000000000000000000000242 /* PapercutBackground.swift in Sources */,
				000000000000000000000243 /* PapercutLandscape.swift in Sources */,
				000000000000000000000244 /* PapercutShapes.swift in Sources */,
			);
			runOnlyForDeploymentPostprocessing = 0;
		};
		000000000000000000000505 /* Sources */ = {
			isa = PBXSourcesBuildPhase;
			buildActionMask = 2147483647;
			files = (
				000000000000000000000513 /* SealServerIntegrationTests.swift in Sources */,
				000000000000000000000515 /* AppFailure.swift in Integration Sources */,
				000000000000000000000516 /* Models.swift in Integration Sources */,
				000000000000000000000517 /* SealServerClient.swift in Integration Sources */,
			);
			runOnlyForDeploymentPostprocessing = 0;
		};
/* End PBXSourcesBuildPhase section */

/* Begin XCBuildConfiguration section */
		000000000000000000000012 /* Debug */ = {
			isa = XCBuildConfiguration;
			buildSettings = {
				CLANG_ENABLE_MODULES = YES;
				CLANG_ENABLE_OBJC_ARC = YES;
				CLANG_WARN_BLOCK_CAPTURE_AUTORELEASING = YES;
				CLANG_WARN_BOOL_CONVERSION = YES;
				CLANG_WARN_COMMA = YES;
				CLANG_WARN_CONSTANT_CONVERSION = YES;
				CLANG_WARN_DEPRECATED_OBJC_IMPLEMENTATIONS = YES;
				CLANG_WARN_EMPTY_BODY = YES;
				CLANG_WARN_ENUM_CONVERSION = YES;
				CLANG_WARN_INFINITE_RECURSION = YES;
				CLANG_WARN_INT_CONVERSION = YES;
				CLANG_WARN_NON_LITERAL_NULL_CONVERSION = YES;
				CLANG_WARN_OBJC_IMPLICIT_RETAIN_SELF = YES;
				CLANG_WARN_OBJC_LITERAL_CONVERSION = YES;
				CLANG_WARN_QUOTED_INCLUDE_IN_FRAMEWORK_HEADER = YES;
				CLANG_WARN_RANGE_LOOP_ANALYSIS = YES;
				CLANG_WARN_STRICT_PROTOTYPES = YES;
				CLANG_WARN_SUSPICIOUS_MOVE = YES;
				CLANG_WARN_UNREACHABLE_CODE = YES;
				CLANG_WARN__DUPLICATE_METHOD_MATCH = YES;
				DEBUG_INFORMATION_FORMAT = dwarf;
				DEVELOPMENT_TEAM = XWMF9WZ389;
				ENABLE_STRICT_OBJC_MSGSEND = YES;
				ENABLE_TESTABILITY = YES;
				ENABLE_USER_SCRIPT_SANDBOXING = YES;
				GCC_C_LANGUAGE_STANDARD = gnu17;
				GCC_NO_COMMON_BLOCKS = YES;
				GCC_WARN_64_TO_32_BIT_CONVERSION = YES;
				GCC_WARN_ABOUT_RETURN_TYPE = YES;
				GCC_WARN_UNDECLARED_SELECTOR = YES;
				GCC_WARN_UNINITIALIZED_AUTOS = YES;
				GCC_WARN_UNUSED_FUNCTION = YES;
				GCC_WARN_UNUSED_VARIABLE = YES;
				IPHONEOS_DEPLOYMENT_TARGET = 26.0;
				ONLY_ACTIVE_ARCH = YES;
				SDKROOT = iphoneos;
				STRING_CATALOG_GENERATE_SYMBOLS = YES;
				SWIFT_EMIT_LOC_STRINGS = YES;
				SWIFT_ACTIVE_COMPILATION_CONDITIONS = DEBUG;
				SWIFT_OPTIMIZATION_LEVEL = "-Onone";
				SWIFT_STRICT_CONCURRENCY = targeted;
				SWIFT_VERSION = 5.0;
			};
			name = Debug;
		};
		000000000000000000000013 /* Release */ = {
			isa = XCBuildConfiguration;
			buildSettings = {
				CLANG_ENABLE_MODULES = YES;
				CLANG_ENABLE_OBJC_ARC = YES;
				CLANG_WARN_BLOCK_CAPTURE_AUTORELEASING = YES;
				CLANG_WARN_BOOL_CONVERSION = YES;
				CLANG_WARN_COMMA = YES;
				CLANG_WARN_CONSTANT_CONVERSION = YES;
				CLANG_WARN_DEPRECATED_OBJC_IMPLEMENTATIONS = YES;
				CLANG_WARN_EMPTY_BODY = YES;
				CLANG_WARN_ENUM_CONVERSION = YES;
				CLANG_WARN_INFINITE_RECURSION = YES;
				CLANG_WARN_INT_CONVERSION = YES;
				CLANG_WARN_NON_LITERAL_NULL_CONVERSION = YES;
				CLANG_WARN_OBJC_IMPLICIT_RETAIN_SELF = YES;
				CLANG_WARN_OBJC_LITERAL_CONVERSION = YES;
				CLANG_WARN_QUOTED_INCLUDE_IN_FRAMEWORK_HEADER = YES;
				CLANG_WARN_RANGE_LOOP_ANALYSIS = YES;
				CLANG_WARN_STRICT_PROTOTYPES = YES;
				CLANG_WARN_SUSPICIOUS_MOVE = YES;
				CLANG_WARN_UNREACHABLE_CODE = YES;
				CLANG_WARN__DUPLICATE_METHOD_MATCH = YES;
				DEBUG_INFORMATION_FORMAT = "dwarf-with-dsym";
				DEVELOPMENT_TEAM = XWMF9WZ389;
				ENABLE_STRICT_OBJC_MSGSEND = YES;
				ENABLE_USER_SCRIPT_SANDBOXING = YES;
				GCC_C_LANGUAGE_STANDARD = gnu17;
				GCC_NO_COMMON_BLOCKS = YES;
				GCC_WARN_64_TO_32_BIT_CONVERSION = YES;
				GCC_WARN_ABOUT_RETURN_TYPE = YES;
				GCC_WARN_UNDECLARED_SELECTOR = YES;
				GCC_WARN_UNINITIALIZED_AUTOS = YES;
				GCC_WARN_UNUSED_FUNCTION = YES;
				GCC_WARN_UNUSED_VARIABLE = YES;
				IPHONEOS_DEPLOYMENT_TARGET = 26.0;
				SDKROOT = iphoneos;
				STRING_CATALOG_GENERATE_SYMBOLS = YES;
				SWIFT_EMIT_LOC_STRINGS = YES;
				SWIFT_COMPILATION_MODE = wholemodule;
				SWIFT_OPTIMIZATION_LEVEL = "-O";
				SWIFT_STRICT_CONCURRENCY = targeted;
				SWIFT_VERSION = 5.0;
				VALIDATE_PRODUCT = YES;
			};
			name = Release;
		};
		000000000000000000000014 /* Debug */ = {
			isa = XCBuildConfiguration;
			buildSettings = {
				CODE_SIGN_STYLE = Automatic;
				CURRENT_PROJECT_VERSION = 1;
				GCC_TREAT_WARNINGS_AS_ERRORS = YES;
				GENERATE_INFOPLIST_FILE = NO;
				INFOPLIST_FILE = Sealbreak/Info.plist;
				LD_RUNPATH_SEARCH_PATHS = (
					"$(inherited)",
					"@executable_path/Frameworks",
				);
				MARKETING_VERSION = 0.1.0;
				PRODUCT_BUNDLE_IDENTIFIER = com.georgesalkhouri.sealbreak.prototype;
				PRODUCT_NAME = "$(TARGET_NAME)";
				SUPPORTED_PLATFORMS = "iphoneos iphonesimulator";
				SUPPORTS_MACCATALYST = NO;
				SUPPORTS_MAC_DESIGNED_FOR_IPHONE_IPAD = NO;
				SWIFT_TREAT_WARNINGS_AS_ERRORS = YES;
				TARGETED_DEVICE_FAMILY = 1;
			};
			name = Debug;
		};
		000000000000000000000015 /* Release */ = {
			isa = XCBuildConfiguration;
			buildSettings = {
				CODE_SIGN_STYLE = Automatic;
				CURRENT_PROJECT_VERSION = 1;
				GCC_TREAT_WARNINGS_AS_ERRORS = YES;
				GENERATE_INFOPLIST_FILE = NO;
				INFOPLIST_FILE = Sealbreak/Info.plist;
				LD_RUNPATH_SEARCH_PATHS = (
					"$(inherited)",
					"@executable_path/Frameworks",
				);
				MARKETING_VERSION = 0.1.0;
				PRODUCT_BUNDLE_IDENTIFIER = com.georgesalkhouri.sealbreak.prototype;
				PRODUCT_NAME = "$(TARGET_NAME)";
				SUPPORTED_PLATFORMS = "iphoneos iphonesimulator";
				SUPPORTS_MACCATALYST = NO;
				SUPPORTS_MAC_DESIGNED_FOR_IPHONE_IPAD = NO;
				SWIFT_TREAT_WARNINGS_AS_ERRORS = YES;
				TARGETED_DEVICE_FAMILY = 1;
			};
			name = Release;
		};
		000000000000000000000511 /* Debug */ = {
			isa = XCBuildConfiguration;
			buildSettings = {
				CODE_SIGN_STYLE = Automatic;
				CURRENT_PROJECT_VERSION = 1;
				GENERATE_INFOPLIST_FILE = YES;
				IPHONEOS_DEPLOYMENT_TARGET = 26.0;
				LD_RUNPATH_SEARCH_PATHS = (
					"$(inherited)",
					"@executable_path/Frameworks",
					"@loader_path/Frameworks",
				);
				MARKETING_VERSION = 1.0;
				PRODUCT_BUNDLE_IDENTIFIER = com.georgesalkhouri.sealbreak.integrationtests;
				PRODUCT_NAME = "$(TARGET_NAME)";
				SUPPORTED_PLATFORMS = "iphoneos iphonesimulator";
				SUPPORTS_MACCATALYST = NO;
				SWIFT_TREAT_WARNINGS_AS_ERRORS = YES;
				SWIFT_VERSION = 5.0;
				TARGETED_DEVICE_FAMILY = 1;
			};
			name = Debug;
		};
		000000000000000000000512 /* Release */ = {
			isa = XCBuildConfiguration;
			buildSettings = {
				CODE_SIGN_STYLE = Automatic;
				CURRENT_PROJECT_VERSION = 1;
				GENERATE_INFOPLIST_FILE = YES;
				IPHONEOS_DEPLOYMENT_TARGET = 26.0;
				LD_RUNPATH_SEARCH_PATHS = (
					"$(inherited)",
					"@executable_path/Frameworks",
					"@loader_path/Frameworks",
				);
				MARKETING_VERSION = 1.0;
				PRODUCT_BUNDLE_IDENTIFIER = com.georgesalkhouri.sealbreak.integrationtests;
				PRODUCT_NAME = "$(TARGET_NAME)";
				SUPPORTED_PLATFORMS = "iphoneos iphonesimulator";
				SUPPORTS_MACCATALYST = NO;
				SWIFT_TREAT_WARNINGS_AS_ERRORS = YES;
				SWIFT_VERSION = 5.0;
				TARGETED_DEVICE_FAMILY = 1;
			};
			name = Release;
		};
/* End XCBuildConfiguration section */

/* Begin XCConfigurationList section */
		000000000000000000000010 /* Build configuration list for PBXProject "Sealbreak" */ = {
			isa = XCConfigurationList;
			buildConfigurations = (
				000000000000000000000012 /* Debug */,
				000000000000000000000013 /* Release */,
			);
			defaultConfigurationIsVisible = 0;
			defaultConfigurationName = Release;
		};
		000000000000000000000011 /* Build configuration list for PBXNativeTarget "Sealbreak" */ = {
			isa = XCConfigurationList;
			buildConfigurations = (
				000000000000000000000014 /* Debug */,
				000000000000000000000015 /* Release */,
			);
			defaultConfigurationIsVisible = 0;
			defaultConfigurationName = Release;
		};
		000000000000000000000510 /* Build configuration list for PBXNativeTarget "SealbreakIntegrationTests" */ = {
			isa = XCConfigurationList;
			buildConfigurations = (
				000000000000000000000511 /* Debug */,
				000000000000000000000512 /* Release */,
			);
			defaultConfigurationIsVisible = 0;
			defaultConfigurationName = Release;
		};
/* End XCConfigurationList section */

/* Begin XCRemoteSwiftPackageReference section */
		000000000000000000000400 /* XCRemoteSwiftPackageReference "swift-composable-architecture" */ = {
			isa = XCRemoteSwiftPackageReference;
			repositoryURL = "https://github.com/pointfreeco/swift-composable-architecture";
			requirement = {
				kind = exactVersion;
				version = 1.26.1;
			};
		};
/* End XCRemoteSwiftPackageReference section */

/* Begin XCSwiftPackageProductDependency section */
		000000000000000000000401 /* ComposableArchitecture */ = {
			isa = XCSwiftPackageProductDependency;
			package = 000000000000000000000400 /* XCRemoteSwiftPackageReference "swift-composable-architecture" */;
			productName = ComposableArchitecture;
		};
/* End XCSwiftPackageProductDependency section */
	};
	rootObject = 000000000000000000000001 /* Project object */;
}
